[[package]]
name = "pulsectl"
version = "22.3.2"
description = "Python high-level interface and ctypes-based bindings for PulseAudio (libpulse)"
category = "main"
optional = false
python-versions = "*"

[[package]]
name = "pydub"
version = "0.25.1"
description = "Manipulate audio with an simple and easy high level interface"
category = "main"
optional = false
python-versions = "*"

[metadata]
lock-version = "1.1"
python-versions = "^3.10"
content-hash = "a8bc460c11547ca86bfb1187908233be93b07dce4ade6fb27fa3bfe2d0544a0d"

[metadata.files]
pulsectl = [
    {file = "pulsectl-22.3.2-py2.py3-none-any.whl", hash = "sha256:6fded96a8e6a9ac6c387ed3a9bdb1afb20d80256b0c9df4b98b58461d74ba0c4"},
    {file = "pulsectl-22.3.2.tar.gz", hash = "sha256:cc174e1ceebd4e6222c5b78f4f415f12e80753c9ab75ab354159b4cb5950b084"},
]
pydub = [
    {file = "pydub-0.25.1-py2.py3-none-any.whl", hash = "sha256:65617e33033874b59d87db603aa1ed450633288aefead953b30bded59cb599a6"},
    {file = "pydub-0.25.1.tar.gz", hash = "sha256:980a33ce9949cab2a569606b65674d748ecbca4f0796887fd6f46173a7b0d30f"},
]
